PODS:
  - Mapbox-iOS-SDK (4.4.1)

DEPENDENCIES:
  - Mapbox-iOS-SDK (~> 4.4)

SPEC REPOS:
  https://github.com/cocoapods/specs.git:
    - Mapbox-iOS-SDK

SPEC CHECKSUMS:
  Mapbox-iOS-SDK: e6a4f236c77f914ca2e19b929c6cc6b077ba1c4c

PODFILE CHECKSUM: 5571c0428ec5f25a0643e3e1daa2959200a078f0

COCOAPODS: 1.5.3
